
Microsoft Visual Studio Solution File, Format Version 12.00
# Visual Studio 15
VisualStudioVersion = 15.0.27130.2010
MinimumVisualStudioVersion = 10.0.40219.1
Project("{FAE04EC0-301F-11D3-BF4B-00C04F79EFBC}") = "tabbedpage.Android", "tabbedpage\tabbedpage.Android\tabbedpage.Android.csproj", "{30571AF6-5831-406D-BEFD-706E233C257D}"
EndProject
Project("{FAE04EC0-301F-11D3-BF4B-00C04F79EFBC}") = "tabbedpage", "tabbedpage\tabbedpage\tabbedpage.csproj", "{271C5B73-725F-4637-BE3B-7FD62ADFB3EA}"
EndProject
Global
	GlobalSection(SolutionConfigurationPlatforms) = preSolution
		Debug|Any CPU = Debug|Any CPU
		Release|Any CPU = Release|Any CPU
	EndGlobalSection
	GlobalSection(ProjectConfigurationPlatforms) = postSolution
		{30571AF6-5831-406D-BEFD-706E233C257D}.Debug|Any CPU.ActiveCfg = Debug|Any CPU
		{30571AF6-5831-406D-BEFD-706E233C257D}.Debug|Any CPU.Build.0 = Debug|Any CPU
		{30571AF6-5831-406D-BEFD-706E233C257D}.Debug|Any CPU.Deploy.0 = Debug|Any CPU
		{30571AF6-5831-406D-BEFD-706E233C257D}.Release|Any CPU.ActiveCfg = Release|Any CPU
		{30571AF6-5831-406D-BEFD-706E233C257D}.Release|Any CPU.Build.0 = Release|Any CPU
		{30571AF6-5831-406D-BEFD-706E233C257D}.Release|Any CPU.Deploy.0 = Release|Any CPU
		{271C5B73-725F-4637-BE3B-7FD62ADFB3EA}.Debug|Any CPU.ActiveCfg = Debug|Any CPU
		{271C5B73-725F-4637-BE3B-7FD62ADFB3EA}.Debug|Any CPU.Build.0 = Debug|Any CPU
		{271C5B73-725F-4637-BE3B-7FD62ADFB3EA}.Release|Any CPU.ActiveCfg = Release|Any CPU
		{271C5B73-725F-4637-BE3B-7FD62ADFB3EA}.Release|Any CPU.Build.0 = Release|Any CPU
	EndGlobalSection
	GlobalSection(SolutionProperties) = preSolution
		HideSolutionNode = FALSE
	EndGlobalSection
	GlobalSection(ExtensibilityGlobals) = postSolution
		SolutionGuid = {6E02BDCF-8D7C-4262-98CD-05B8A688FE07}
	EndGlobalSection
EndGlobal
